{
  "name": "ts-base",
  "version": "1.0.0",
  "lockfileVersion": 1,
  "requires": true,
  "dependencies": {
    "@types/minimist": {
      "version": "1.2.0",
      "resolved": "https://registry.npmjs.org/@types/minimist/-/minimist-1.2.0.tgz",
      "integrity": "sha1-aaI6OtKcrwCX8G7aWbNh7i8GOfY="
    },
    "@types/node": {
      "version": "10.1.1",
      "resolved": "https://registry.npmjs.org/@types/node/-/node-10.1.1.tgz",
      "integrity": "sha512-n7wxy8r2tjVcrzZoKJlyZmi1C1VhXGHAGhDEO1iqp7fbsTSsDF3dVA50KFsPg77EXqzNJqbzcna8Mi4m7a1lyw=="
    },
    "minimist": {
      "version": "1.2.0",
      "resolved": "https://registry.npmjs.org/minimist/-/minimist-1.2.0.tgz",
      "integrity": "sha1-o1AIsg9BOD7sH7kU9M1d95omQoQ="
    }
  }
}
